// !$*UTF8*$!
{
	archiveVersion = 1;
	classes = {
	};
	objectVersion = 51;
	objects = {

/* Begin PBXBuildFile section */
		76724867BBE95CBE09F07361 /* Pods_PetLog.framework in Frameworks */ = {isa = PBXBuildFile; fileRef = EA47B4B7D7BA47E5EB998C1B /* Pods_PetLog.framework */; };
		7C1BBAAA24F3FAB2002308A9 /* HomeViewController.swift in Sources */ = {isa = PBXBuildFile; fileRef = 7C1BBAA924F3FAB2002308A9 /* HomeViewController.swift */; };
		7C1BBAAC24F4038F002308A9 /* HomeViewController.xib in Resources */ = {isa = PBXBuildFile; fileRef = 7C1BBAAB24F4038F002308A9 /* HomeViewController.xib */; };
		7C1BBAB224F51DD4002308A9 /* MainViewController.swift in Sources */ = {isa = PBXBuildFile; fileRef = 7C1BBAB124F51DD4002308A9 /* MainViewController.swift */; };
		7C1BBAB524F52BDD002308A9 /* MainViewController.xib in Resources */ = {isa = PBXBuildFile; fileRef = 7C1BBAB424F52BDD002308A9 /* MainViewController.xib */; };
		7C1BBAB824F5695D002308A9 /* UIImage + Gif.swift in Sources */ = {isa = PBXBuildFile; fileRef = 7C1BBAB624F5695D002308A9 /* UIImage + Gif.swift */; };
		7C1BBAB924F5695D002308A9 /* Alert.swift in Sources */ = {isa = PBXBuildFile; fileRef = 7C1BBAB724F5695D002308A9 /* Alert.swift */; };
		7C2CD03A24F6782100BBD1E4 /* NewsViewController.swift in Sources */ = {isa = PBXBuildFile; fileRef = 7C2CD03824F6782100BBD1E4 /* NewsViewController.swift */; };
		7C2CD03B24F6782100BBD1E4 /* NewsViewController.xib in Resources */ = {isa = PBXBuildFile; fileRef = 7C2CD03924F6782100BBD1E4 /* NewsViewController.xib */; };
		7C2CD04224F67A2A00BBD1E4 /* NetworkManager.swift in Sources */ = {isa = PBXBuildFile; fileRef = 7C2CD04024F67A2900BBD1E4 /* NetworkManager.swift */; };
		7C2CD04324F67A2A00BBD1E4 /* PostData.swift in Sources */ = {isa = PBXBuildFile; fileRef = 7C2CD04124F67A2900BBD1E4 /* PostData.swift */; };
		7C2CD04E24F67EA400BBD1E4 /* NewsCell.swift in Sources */ = {isa = PBXBuildFile; fileRef = 7C2CD04C24F67EA400BBD1E4 /* NewsCell.swift */; };
		7C2CD05324F67F1600BBD1E4 /* NewsCell.xib in Resources */ = {isa = PBXBuildFile; fileRef = 7C2CD05224F67F1500BBD1E4 /* NewsCell.xib */; };
		7C2CD05624F69B7A00BBD1E4 /* WebViewController.swift in Sources */ = {isa = PBXBuildFile; fileRef = 7C2CD05424F69B7A00BBD1E4 /* WebViewController.swift */; };
		7C2CD05724F69B7A00BBD1E4 /* WebViewController.xib in Resources */ = {isa = PBXBuildFile; fileRef = 7C2CD05524F69B7A00BBD1E4 /* WebViewController.xib */; };
		7C2CD06124FD4C4800BBD1E4 /* Colors.swift in Sources */ = {isa = PBXBuildFile; fileRef = 7C2CD06024FD4C4800BBD1E4 /* Colors.swift */; };
		7C2CD07524FE8B2E00BBD1E4 /* NewAnimalViewController.swift in Sources */ = {isa = PBXBuildFile; fileRef = 7C2CD07324FE8B2E00BBD1E4 /* NewAnimalViewController.swift */; };
		7C2CD07624FE8B2E00BBD1E4 /* NewAnimalViewController.xib in Resources */ = {isa = PBXBuildFile; fileRef = 7C2CD07424FE8B2E00BBD1E4 /* NewAnimalViewController.xib */; };
		7C3446C124F3D00F00F91F39 /* AppDelegate.swift in Sources */ = {isa = PBXBuildFile; fileRef = 7C3446C024F3D00F00F91F39 /* AppDelegate.swift */; };
		7C3446C324F3D00F00F91F39 /* SceneDelegate.swift in Sources */ = {isa = PBXBuildFile; fileRef = 7C3446C224F3D00F00F91F39 /* SceneDelegate.swift */; };
		7C3446C524F3D00F00F91F39 /* AuthViewController.swift in Sources */ = {isa = PBXBuildFile; fileRef = 7C3446C424F3D00F00F91F39 /* AuthViewController.swift */; };
		7C3446C824F3D00F00F91F39 /* Main.storyboard in Resources */ = {isa = PBXBuildFile; fileRef = 7C3446C624F3D00F00F91F39 /* Main.storyboard */; };
		7C3446CB24F3D00F00F91F39 /* PetLog.xcdatamodeld in Sources */ = {isa = PBXBuildFile; fileRef = 7C3446C924F3D00F00F91F39 /* PetLog.xcdatamodeld */; };
		7C3446CD24F3D01000F91F39 /* Assets.xcassets in Resources */ = {isa = PBXBuildFile; fileRef = 7C3446CC24F3D01000F91F39 /* Assets.xcassets */; };
		7C3446D024F3D01000F91F39 /* LaunchScreen.storyboard in Resources */ = {isa = PBXBuildFile; fileRef = 7C3446CE24F3D01000F91F39 /* LaunchScreen.storyboard */; };
		7C3446D824F3E18100F91F39 /* GoogleService-Info.plist in Resources */ = {isa = PBXBuildFile; fileRef = 7C3446D724F3E18100F91F39 /* GoogleService-Info.plist */; };
		7C534CEE250153370034CCA5 /* PetsViewController.swift in Sources */ = {isa = PBXBuildFile; fileRef = 7C534CEC250153370034CCA5 /* PetsViewController.swift */; };
		7C534CEF250153370034CCA5 /* PetsViewController.xib in Resources */ = {isa = PBXBuildFile; fileRef = 7C534CED250153370034CCA5 /* PetsViewController.xib */; };
		7C534CF3250153CD0034CCA5 /* PetCell.swift in Sources */ = {isa = PBXBuildFile; fileRef = 7C534CF1250153CD0034CCA5 /* PetCell.swift */; };
		7C534CF4250153CD0034CCA5 /* PetCell.xib in Resources */ = {isa = PBXBuildFile; fileRef = 7C534CF2250153CD0034CCA5 /* PetCell.xib */; };
		7C534CF62501559B0034CCA5 /* Pet.swift in Sources */ = {isa = PBXBuildFile; fileRef = 7C534CF52501559B0034CCA5 /* Pet.swift */; };
		7C534CF925015BF40034CCA5 /* PetFileViewController.swift in Sources */ = {isa = PBXBuildFile; fileRef = 7C534CF725015BF40034CCA5 /* PetFileViewController.swift */; };
		7C534CFA25015BF40034CCA5 /* PetFileViewController.xib in Resources */ = {isa = PBXBuildFile; fileRef = 7C534CF825015BF40034CCA5 /* PetFileViewController.xib */; };
		7C534CFD250163440034CCA5 /* NetworkManager.swift in Sources */ = {isa = PBXBuildFile; fileRef = 7C534CFC250163440034CCA5 /* NetworkManager.swift */; };
		7C534CFF250163610034CCA5 /* PostData.swift in Sources */ = {isa = PBXBuildFile; fileRef = 7C534CFE250163610034CCA5 /* PostData.swift */; };
		7C66C4F32502BB85001F8D2E /* RegWalkViewController.swift in Sources */ = {isa = PBXBuildFile; fileRef = 7C66C4F12502BB85001F8D2E /* RegWalkViewController.swift */; };
		7C66C4F42502BB85001F8D2E /* RegWalkViewController.xib in Resources */ = {isa = PBXBuildFile; fileRef = 7C66C4F22502BB85001F8D2E /* RegWalkViewController.xib */; };
/* End PBXBuildFile section */

/* Begin PBXFileReference section */
		6AA424B3C0F6A52E8CECDA40 /* Pods-PetLog.debug.xcconfig */ = {isa = PBXFileReference; includeInIndex = 1; lastKnownFileType = text.xcconfig; name = "Pods-PetLog.debug.xcconfig"; path = "Target Support Files/Pods-PetLog/Pods-PetLog.debug.xcconfig"; sourceTree = "<group>"; };
		7C1BBAA924F3FAB2002308A9 /* HomeViewController.swift */ = {isa = PBXFileReference; lastKnownFileType = sourcecode.swift; path = HomeViewController.swift; sourceTree = "<group>"; };
		7C1BBAAB24F4038F002308A9 /* HomeViewController.xib */ = {isa = PBXFileReference; lastKnownFileType = file.xib; path = HomeViewController.xib; sourceTree = "<group>"; };
		7C1BBAB124F51DD4002308A9 /* MainViewController.swift */ = {isa = PBXFileReference; lastKnownFileType = sourcecode.swift; path = MainViewController.swift; sourceTree = "<group>"; };
		7C1BBAB424F52BDD002308A9 /* MainViewController.xib */ = {isa = PBXFileReference; lastKnownFileType = file.xib; path = MainViewController.xib; sourceTree = "<group>"; };
		7C1BBAB624F5695D002308A9 /* UIImage + Gif.swift */ = {isa = PBXFileReference; fileEncoding = 4; lastKnownFileType = sourcecode.swift; path = "UIImage + Gif.swift"; sourceTree = "<group>"; };
		7C1BBAB724F5695D002308A9 /* Alert.swift */ = {isa = PBXFileReference; fileEncoding = 4; lastKnownFileType = sourcecode.swift; path = Alert.swift; sourceTree = "<group>"; };
		7C2CD03824F6782100BBD1E4 /* NewsViewController.swift */ = {isa = PBXFileReference; lastKnownFileType = sourcecode.swift; path = NewsViewController.swift; sourceTree = "<group>"; };
		7C2CD03924F6782100BBD1E4 /* NewsViewController.xib */ = {isa = PBXFileReference; lastKnownFileType = file.xib; path = NewsViewController.xib; sourceTree = "<group>"; };
		7C2CD04024F67A2900BBD1E4 /* NetworkManager.swift */ = {isa = PBXFileReference; fileEncoding = 4; lastKnownFileType = sourcecode.swift; path = NetworkManager.swift; sourceTree = "<group>"; };
		7C2CD04124F67A2900BBD1E4 /* PostData.swift */ = {isa = PBXFileReference; fileEncoding = 4; lastKnownFileType = sourcecode.swift; path = PostData.swift; sourceTree = "<group>"; };
		7C2CD04C24F67EA400BBD1E4 /* NewsCell.swift */ = {isa = PBXFileReference; fileEncoding = 4; lastKnownFileType = sourcecode.swift; path = NewsCell.swift; sourceTree = "<group>"; };
		7C2CD05224F67F1500BBD1E4 /* NewsCell.xib */ = {isa = PBXFileReference; fileEncoding = 4; lastKnownFileType = file.xib; name = NewsCell.xib; path = ../../../NewsCell.xib; sourceTree = "<group>"; };
		7C2CD05424F69B7A00BBD1E4 /* WebViewController.swift */ = {isa = PBXFileReference; lastKnownFileType = sourcecode.swift; path = WebViewController.swift; sourceTree = "<group>"; };
		7C2CD05524F69B7A00BBD1E4 /* WebViewController.xib */ = {isa = PBXFileReference; lastKnownFileType = file.xib; path = WebViewController.xib; sourceTree = "<group>"; };
		7C2CD06024FD4C4800BBD1E4 /* Colors.swift */ = {isa = PBXFileReference; lastKnownFileType = sourcecode.swift; path = Colors.swift; sourceTree = "<group>"; };
		7C2CD07324FE8B2E00BBD1E4 /* NewAnimalViewController.swift */ = {isa = PBXFileReference; lastKnownFileType = sourcecode.swift; path = NewAnimalViewController.swift; sourceTree = "<group>"; };
		7C2CD07424FE8B2E00BBD1E4 /* NewAnimalViewController.xib */ = {isa = PBXFileReference; lastKnownFileType = file.xib; path = NewAnimalViewController.xib; sourceTree = "<group>"; };
		7C3446BD24F3D00F00F91F39 /* PetLog.app */ = {isa = PBXFileReference; explicitFileType = wrapper.application; includeInIndex = 0; path = PetLog.app; sourceTree = BUILT_PRODUCTS_DIR; };
		7C3446C024F3D00F00F91F39 /* AppDelegate.swift */ = {isa = PBXFileReference; lastKnownFileType = sourcecode.swift; path = AppDelegate.swift; sourceTree = "<group>"; };
		7C3446C224F3D00F00F91F39 /* SceneDelegate.swift */ = {isa = PBXFileReference; lastKnownFileType = sourcecode.swift; path = SceneDelegate.swift; sourceTree = "<group>"; };
		7C3446C424F3D00F00F91F39 /* AuthViewController.swift */ = {isa = PBXFileReference; lastKnownFileType = sourcecode.swift; path = AuthViewController.swift; sourceTree = "<group>"; };
		7C3446C724F3D00F00F91F39 /* Base */ = {isa = PBXFileReference; lastKnownFileType = file.storyboard; name = Base; path = Base.lproj/Main.storyboard; sourceTree = "<group>"; };
		7C3446CA24F3D00F00F91F39 /* PetLog.xcdatamodel */ = {isa = PBXFileReference; lastKnownFileType = wrapper.xcdatamodel; path = PetLog.xcdatamodel; sourceTree = "<group>"; };
		7C3446CC24F3D01000F91F39 /* Assets.xcassets */ = {isa = PBXFileReference; lastKnownFileType = folder.assetcatalog; path = Assets.xcassets; sourceTree = "<group>"; };
		7C3446CF24F3D01000F91F39 /* Base */ = {isa = PBXFileReference; lastKnownFileType = file.storyboard; name = Base; path = Base.lproj/LaunchScreen.storyboard; sourceTree = "<group>"; };
		7C3446D124F3D01000F91F39 /* Info.plist */ = {isa = PBXFileReference; lastKnownFileType = text.plist.xml; path = Info.plist; sourceTree = "<group>"; };
		7C3446D724F3E18100F91F39 /* GoogleService-Info.plist */ = {isa = PBXFileReference; fileEncoding = 4; lastKnownFileType = text.plist.xml; path = "GoogleService-Info.plist"; sourceTree = "<group>"; };
		7C534CEC250153370034CCA5 /* PetsViewController.swift */ = {isa = PBXFileReference; lastKnownFileType = sourcecode.swift; path = PetsViewController.swift; sourceTree = "<group>"; };
		7C534CED250153370034CCA5 /* PetsViewController.xib */ = {isa = PBXFileReference; lastKnownFileType = file.xib; path = PetsViewController.xib; sourceTree = "<group>"; };
		7C534CF1250153CD0034CCA5 /* PetCell.swift */ = {isa = PBXFileReference; lastKnownFileType = sourcecode.swift; name = PetCell.swift; path = PetLog/News/PetCell.swift; sourceTree = SOURCE_ROOT; };
		7C534CF2250153CD0034CCA5 /* PetCell.xib */ = {isa = PBXFileReference; lastKnownFileType = file.xib; name = PetCell.xib; path = PetLog/News/PetCell.xib; sourceTree = SOURCE_ROOT; };
		7C534CF52501559B0034CCA5 /* Pet.swift */ = {isa = PBXFileReference; lastKnownFileType = sourcecode.swift; path = Pet.swift; sourceTree = "<group>"; };
		7C534CF725015BF40034CCA5 /* PetFileViewController.swift */ = {isa = PBXFileReference; lastKnownFileType = sourcecode.swift; path = PetFileViewController.swift; sourceTree = "<group>"; };
		7C534CF825015BF40034CCA5 /* PetFileViewController.xib */ = {isa = PBXFileReference; lastKnownFileType = file.xib; path = PetFileViewController.xib; sourceTree = "<group>"; };
		7C534CFC250163440034CCA5 /* NetworkManager.swift */ = {isa = PBXFileReference; lastKnownFileType = sourcecode.swift; path = NetworkManager.swift; sourceTree = "<group>"; };
		7C534CFE250163610034CCA5 /* PostData.swift */ = {isa = PBXFileReference; lastKnownFileType = sourcecode.swift; path = PostData.swift; sourceTree = "<group>"; };
		7C66C4F12502BB85001F8D2E /* RegWalkViewController.swift */ = {isa = PBXFileReference; lastKnownFileType = sourcecode.swift; path = RegWalkViewController.swift; sourceTree = "<group>"; };
		7C66C4F22502BB85001F8D2E /* RegWalkViewController.xib */ = {isa = PBXFileReference; lastKnownFileType = file.xib; path = RegWalkViewController.xib; sourceTree = "<group>"; };
		92287AAEC3AF2411F9E6CFEB /* Pods-PetLog.release.xcconfig */ = {isa = PBXFileReference; includeInIndex = 1; lastKnownFileType = text.xcconfig; name = "Pods-PetLog.release.xcconfig"; path = "Target Support Files/Pods-PetLog/Pods-PetLog.release.xcconfig"; sourceTree = "<group>"; };
		EA47B4B7D7BA47E5EB998C1B /* Pods_PetLog.framework */ = {isa = PBXFileReference; explicitFileType = wrapper.framework; includeInIndex = 0; path = Pods_PetLog.framework; sourceTree = BUILT_PRODUCTS_DIR; };
/* End PBXFileReference section */

/* Begin PBXFrameworksBuildPhase section */
		7C3446BA24F3D00F00F91F39 /* Frameworks */ = {
			isa = PBXFrameworksBuildPhase;
			buildActionMask = 2147483647;
			files = (
				76724867BBE95CBE09F07361 /* Pods_PetLog.framework in Frameworks */,
			);
			runOnlyForDeploymentPostprocessing = 0;
		};
/* End PBXFrameworksBuildPhase section */

/* Begin PBXGroup section */
		7C1BBAAD24F40C22002308A9 /* Auth */ = {
			isa = PBXGroup;
			children = (
				7C3446C424F3D00F00F91F39 /* AuthViewController.swift */,
				7C3446C624F3D00F00F91F39 /* Main.storyboard */,
			);
			path = Auth;
			sourceTree = "<group>";
		};
		7C1BBAAE24F40C2D002308A9 /* Home */ = {
			isa = PBXGroup;
			children = (
				7C1BBAAB24F4038F002308A9 /* HomeViewController.xib */,
				7C1BBAA924F3FAB2002308A9 /* HomeViewController.swift */,
			);
			path = Home;
			sourceTree = "<group>";
		};
		7C1BBAB324F51DDB002308A9 /* Main */ = {
			isa = PBXGroup;
			children = (
				7C1BBAB424F52BDD002308A9 /* MainViewController.xib */,
				7C1BBAB124F51DD4002308A9 /* MainViewController.swift */,
			);
			path = Main;
			sourceTree = "<group>";
		};
		7C2CD03C24F6782500BBD1E4 /* News */ = {
			isa = PBXGroup;
			children = (
				7C2CD04C24F67EA400BBD1E4 /* NewsCell.swift */,
				7C2CD05224F67F1500BBD1E4 /* NewsCell.xib */,
				7C2CD03824F6782100BBD1E4 /* NewsViewController.swift */,
				7C2CD03924F6782100BBD1E4 /* NewsViewController.xib */,
			);
			path = News;
			sourceTree = "<group>";
		};
		7C2CD03F24F67A2900BBD1E4 /* Models */ = {
			isa = PBXGroup;
			children = (
				7C2CD04024F67A2900BBD1E4 /* NetworkManager.swift */,
				7C2CD04124F67A2900BBD1E4 /* PostData.swift */,
				7C534CFC250163440034CCA5 /* NetworkManager.swift */,
				7C534CFE250163610034CCA5 /* PostData.swift */,
			);
			name = Models;
			path = ../../Models;
			sourceTree = "<group>";
		};
		7C2CD05824F69B7E00BBD1E4 /* WebView */ = {
			isa = PBXGroup;
			children = (
				7C2CD05424F69B7A00BBD1E4 /* WebViewController.swift */,
				7C2CD05524F69B7A00BBD1E4 /* WebViewController.xib */,
			);
			path = WebView;
			sourceTree = "<group>";
		};
		7C2CD05B24FD3F0000BBD1E4 /* Utils */ = {
			isa = PBXGroup;
			children = (
				7C1BBAB724F5695D002308A9 /* Alert.swift */,
				7C1BBAB624F5695D002308A9 /* UIImage + Gif.swift */,
				7C2CD06024FD4C4800BBD1E4 /* Colors.swift */,
			);
			path = Utils;
			sourceTree = "<group>";
		};
		7C2CD07724FE8B3300BBD1E4 /* newAnimal */ = {
			isa = PBXGroup;
			children = (
				7C2CD07324FE8B2E00BBD1E4 /* NewAnimalViewController.swift */,
				7C2CD07424FE8B2E00BBD1E4 /* NewAnimalViewController.xib */,
			);
			name = newAnimal;
			path = ..;
			sourceTree = "<group>";
		};
		7C3446B424F3D00F00F91F39 = {
			isa = PBXGroup;
			children = (
				7C3446BF24F3D00F00F91F39 /* PetLog */,
				7C3446BE24F3D00F00F91F39 /* Products */,
				F807319B0C44A4F0036BD81B /* Pods */,
				EFA7FD1FE68DFD541B362FF8 /* Frameworks */,
			);
			sourceTree = "<group>";
		};
		7C3446BE24F3D00F00F91F39 /* Products */ = {
			isa = PBXGroup;
			children = (
				7C3446BD24F3D00F00F91F39 /* PetLog.app */,
			);
			name = Products;
			sourceTree = "<group>";
		};
		7C3446BF24F3D00F00F91F39 /* PetLog */ = {
			isa = PBXGroup;
			children = (
				7C534CF0250153490034CCA5 /* Pets */,
				7C2CD07724FE8B3300BBD1E4 /* newAnimal */,
				7C2CD05B24FD3F0000BBD1E4 /* Utils */,
				7C3446C024F3D00F00F91F39 /* AppDelegate.swift */,
				7C3446C224F3D00F00F91F39 /* SceneDelegate.swift */,
				7C2CD03F24F67A2900BBD1E4 /* Models */,
				7C2CD03C24F6782500BBD1E4 /* News */,
				7C1BBAAD24F40C22002308A9 /* Auth */,
				7C1BBAB324F51DDB002308A9 /* Main */,
				7C2CD05824F69B7E00BBD1E4 /* WebView */,
				7C1BBAAE24F40C2D002308A9 /* Home */,
				7C3446CC24F3D01000F91F39 /* Assets.xcassets */,
				7C3446CE24F3D01000F91F39 /* LaunchScreen.storyboard */,
				7C3446D124F3D01000F91F39 /* Info.plist */,
				7C3446C924F3D00F00F91F39 /* PetLog.xcdatamodeld */,
				7C3446D724F3E18100F91F39 /* GoogleService-Info.plist */,
				7C534CFB25015BF90034CCA5 /* PetFile */,
				7C66C4F52502BB8C001F8D2E /* RegWalk */,
			);
			path = PetLog;
			sourceTree = "<group>";
		};
		7C534CF0250153490034CCA5 /* Pets */ = {
			isa = PBXGroup;
			children = (
				7C534CF1250153CD0034CCA5 /* PetCell.swift */,
				7C534CF2250153CD0034CCA5 /* PetCell.xib */,
				7C534CEC250153370034CCA5 /* PetsViewController.swift */,
				7C534CF52501559B0034CCA5 /* Pet.swift */,
				7C534CED250153370034CCA5 /* PetsViewController.xib */,
			);
			path = Pets;
			sourceTree = "<group>";
		};
		7C534CFB25015BF90034CCA5 /* PetFile */ = {
			isa = PBXGroup;
			children = (
				7C534CF725015BF40034CCA5 /* PetFileViewController.swift */,
				7C534CF825015BF40034CCA5 /* PetFileViewController.xib */,
			);
			path = PetFile;
			sourceTree = "<group>";
		};
		7C66C4F52502BB8C001F8D2E /* RegWalk */ = {
			isa = PBXGroup;
			children = (
				7C66C4F12502BB85001F8D2E /* RegWalkViewController.swift */,
				7C66C4F22502BB85001F8D2E /* RegWalkViewController.xib */,
			);
			path = RegWalk;
			sourceTree = "<group>";
		};
		EFA7FD1FE68DFD541B362FF8 /* Frameworks */ = {
			isa = PBXGroup;
			children = (
				EA47B4B7D7BA47E5EB998C1B /* Pods_PetLog.framework */,
			);
			name = Frameworks;
			sourceTree = "<group>";
		};
		F807319B0C44A4F0036BD81B /* Pods */ = {
			isa = PBXGroup;
			children = (
				6AA424B3C0F6A52E8CECDA40 /* Pods-PetLog.debug.xcconfig */,
				92287AAEC3AF2411F9E6CFEB /* Pods-PetLog.release.xcconfig */,
			);
			path = Pods;
			sourceTree = "<group>";
		};
/* End PBXGroup section */

/* Begin PBXNativeTarget section */
		7C3446BC24F3D00F00F91F39 /* PetLog */ = {
			isa = PBXNativeTarget;
			buildConfigurationList = 7C3446D424F3D01000F91F39 /* Build configuration list for PBXNativeTarget "PetLog" */;
			buildPhases = (
				0BBAAE737E28C57D468F1DE8 /* [CP] Check Pods Manifest.lock */,
				7C3446B924F3D00F00F91F39 /* Sources */,
				7C3446BA24F3D00F00F91F39 /* Frameworks */,
				7C3446BB24F3D00F00F91F39 /* Resources */,
				9FFBF84489A9A4DCA37AD902 /* [CP] Embed Pods Frameworks */,
			);
			buildRules = (
			);
			dependencies = (
			);
			name = PetLog;
			productName = PetLog;
			productReference = 7C3446BD24F3D00F00F91F39 /* PetLog.app */;
			productType = "com.apple.product-type.application";
		};
/* End PBXNativeTarget section */

/* Begin PBXProject section */
		7C3446B524F3D00F00F91F39 /* Project object */ = {
			isa = PBXProject;
			attributes = {
				LastSwiftUpdateCheck = 1160;
				LastUpgradeCheck = 1160;
				ORGANIZATIONNAME = "NOELIA ZARZOSO";
				TargetAttributes = {
					7C3446BC24F3D00F00F91F39 = {
						CreatedOnToolsVersion = 11.6;
					};
				};
			};
			buildConfigurationList = 7C3446B824F3D00F00F91F39 /* Build configuration list for PBXProject "PetLog" */;
			compatibilityVersion = "Xcode 9.3";
			developmentRegion = en;
			hasScannedForEncodings = 0;
			knownRegions = (
				en,
				Base,
			);
			mainGroup = 7C3446B424F3D00F00F91F39;
			productRefGroup = 7C3446BE24F3D00F00F91F39 /* Products */;
			projectDirPath = "";
			projectRoot = "";
			targets = (
				7C3446BC24F3D00F00F91F39 /* PetLog */,
			);
		};
/* End PBXProject section */

/* Begin PBXResourcesBuildPhase section */
		7C3446BB24F3D00F00F91F39 /* Resources */ = {
			isa = PBXResourcesBuildPhase;
			buildActionMask = 2147483647;
			files = (
				7C3446D024F3D01000F91F39 /* LaunchScreen.storyboard in Resources */,
				7C2CD07624FE8B2E00BBD1E4 /* NewAnimalViewController.xib in Resources */,
				7C66C4F42502BB85001F8D2E /* RegWalkViewController.xib in Resources */,
				7C3446D824F3E18100F91F39 /* GoogleService-Info.plist in Resources */,
				7C534CFA25015BF40034CCA5 /* PetFileViewController.xib in Resources */,
				7C1BBAAC24F4038F002308A9 /* HomeViewController.xib in Resources */,
				7C2CD05724F69B7A00BBD1E4 /* WebViewController.xib in Resources */,
				7C534CEF250153370034CCA5 /* PetsViewController.xib in Resources */,
				7C3446CD24F3D01000F91F39 /* Assets.xcassets in Resources */,
				7C1BBAB524F52BDD002308A9 /* MainViewController.xib in Resources */,
				7C3446C824F3D00F00F91F39 /* Main.storyboard in Resources */,
				7C534CF4250153CD0034CCA5 /* PetCell.xib in Resources */,
				7C2CD05324F67F1600BBD1E4 /* NewsCell.xib in Resources */,
				7C2CD03B24F6782100BBD1E4 /* NewsViewController.xib in Resources */,
			);
			runOnlyForDeploymentPostprocessing = 0;
		};
/* End PBXResourcesBuildPhase section */

/* Begin PBXShellScriptBuildPhase section */
		0BBAAE737E28C57D468F1DE8 /* [CP] Check Pods Manifest.lock */ = {
			isa = PBXShellScriptBuildPhase;
			buildActionMask = 2147483647;
			files = (
			);
			inputFileListPaths = (
			);
			inputPaths = (
				"${PODS_PODFILE_DIR_PATH}/Podfile.lock",
				"${PODS_ROOT}/Manifest.lock",
			);
			name = "[CP] Check Pods Manifest.lock";
			outputFileListPaths = (
			);
			outputPaths = (
				"$(DERIVED_FILE_DIR)/Pods-PetLog-checkManifestLockResult.txt",
			);
			runOnlyForDeploymentPostprocessing = 0;
			shellPath = /bin/sh;
			shellScript = "diff \"${PODS_PODFILE_DIR_PATH}/Podfile.lock\" \"${PODS_ROOT}/Manifest.lock\" > /dev/null\nif [ $? != 0 ] ; then\n    # print error to STDERR\n    echo \"error: The sandbox is not in sync with the Podfile.lock. Run 'pod install' or update your CocoaPods installation.\" >&2\n    exit 1\nfi\n# This output is used by Xcode 'outputs' to avoid re-running this script phase.\necho \"SUCCESS\" > \"${SCRIPT_OUTPUT_FILE_0}\"\n";
			showEnvVarsInLog = 0;
		};
		9FFBF84489A9A4DCA37AD902 /* [CP] Embed Pods Frameworks */ = {
			isa = PBXShellScriptBuildPhase;
			buildActionMask = 2147483647;
			files = (
			);
			inputFileListPaths = (
				"${PODS_ROOT}/Target Support Files/Pods-PetLog/Pods-PetLog-frameworks-${CONFIGURATION}-input-files.xcfilelist",
			);
			name = "[CP] Embed Pods Frameworks";
			outputFileListPaths = (
				"${PODS_ROOT}/Target Support Files/Pods-PetLog/Pods-PetLog-frameworks-${CONFIGURATION}-output-files.xcfilelist",
			);
			runOnlyForDeploymentPostprocessing = 0;
			shellPath = /bin/sh;
			shellScript = "\"${PODS_ROOT}/Target Support Files/Pods-PetLog/Pods-PetLog-frameworks.sh\"\n";
			showEnvVarsInLog = 0;
		};
/* End PBXShellScriptBuildPhase section */

/* Begin PBXSourcesBuildPhase section */
		7C3446B924F3D00F00F91F39 /* Sources */ = {
			isa = PBXSourcesBuildPhase;
			buildActionMask = 2147483647;
			files = (
				7C534CF925015BF40034CCA5 /* PetFileViewController.swift in Sources */,
				7C2CD07524FE8B2E00BBD1E4 /* NewAnimalViewController.swift in Sources */,
				7C1BBAAA24F3FAB2002308A9 /* HomeViewController.swift in Sources */,
				7C3446C524F3D00F00F91F39 /* AuthViewController.swift in Sources */,
				7C534CF62501559B0034CCA5 /* Pet.swift in Sources */,
				7C2CD04224F67A2A00BBD1E4 /* NetworkManager.swift in Sources */,
				7C2CD06124FD4C4800BBD1E4 /* Colors.swift in Sources */,
				7C2CD04E24F67EA400BBD1E4 /* NewsCell.swift in Sources */,
				7C3446C124F3D00F00F91F39 /* AppDelegate.swift in Sources */,
				7C1BBAB824F5695D002308A9 /* UIImage + Gif.swift in Sources */,
				7C66C4F32502BB85001F8D2E /* RegWalkViewController.swift in Sources */,
				7C534CF3250153CD0034CCA5 /* PetCell.swift in Sources */,
				7C1BBAB224F51DD4002308A9 /* MainViewController.swift in Sources */,
				7C534CFD250163440034CCA5 /* NetworkManager.swift in Sources */,
				7C3446CB24F3D00F00F91F39 /* PetLog.xcdatamodeld in Sources */,
				7C2CD03A24F6782100BBD1E4 /* NewsViewController.swift in Sources */,
				7C1BBAB924F5695D002308A9 /* Alert.swift in Sources */,
				7C2CD04324F67A2A00BBD1E4 /* PostData.swift in Sources */,
				7C2CD05624F69B7A00BBD1E4 /* WebViewController.swift in Sources */,
				7C534CEE250153370034CCA5 /* PetsViewController.swift in Sources */,
				7C534CFF250163610034CCA5 /* PostData.swift in Sources */,
				7C3446C324F3D00F00F91F39 /* SceneDelegate.swift in Sources */,
			);
			runOnlyForDeploymentPostprocessing = 0;
		};
/* End PBXSourcesBuildPhase section */

/* Begin PBXVariantGroup section */
		7C3446C624F3D00F00F91F39 /* Main.storyboard */ = {
			isa = PBXVariantGroup;
			children = (
				7C3446C724F3D00F00F91F39 /* Base */,
			);
			name = Main.storyboard;
			sourceTree = "<group>";
		};
		7C3446CE24F3D01000F91F39 /* LaunchScreen.storyboard */ = {
			isa = PBXVariantGroup;
			children = (
				7C3446CF24F3D01000F91F39 /* Base */,
			);
			name = LaunchScreen.storyboard;
			sourceTree = "<group>";
		};
/* End PBXVariantGroup section */

/* Begin XCBuildConfiguration section */
		7C3446D224F3D01000F91F39 /* Debug */ = {
			isa = XCBuildConfiguration;
			buildSettings = {
				ALWAYS_SEARCH_USER_PATHS = NO;
				CLANG_ANALYZER_NONNULL = YES;
				CLANG_ANALYZER_NUMBER_OBJECT_CONVERSION = YES_AGGRESSIVE;
				CLANG_CXX_LANGUAGE_STANDARD = "gnu++14";
				CLANG_CXX_LIBRARY = "libc++";
				CLANG_ENABLE_MODULES = YES;
				CLANG_ENABLE_OBJC_ARC = YES;
				CLANG_ENABLE_OBJC_WEAK = YES;
				CLANG_WARN_BLOCK_CAPTURE_AUTORELEASING = YES;
				CLANG_WARN_BOOL_CONVERSION = YES;
				CLANG_WARN_COMMA = YES;
				CLANG_WARN_CONSTANT_CONVERSION = YES;
				CLANG_WARN_DEPRECATED_OBJC_IMPLEMENTATIONS = YES;
				CLANG_WARN_DIRECT_OBJC_ISA_USAGE = YES_ERROR;
				CLANG_WARN_DOCUMENTATION_COMMENTS = YES;
				CLANG_WARN_EMPTY_BODY = YES;
				CLANG_WARN_ENUM_CONVERSION = YES;
				CLANG_WARN_INFINITE_RECURSION = YES;
				CLANG_WARN_INT_CONVERSION = YES;
				CLANG_WARN_NON_LITERAL_NULL_CONVERSION = YES;
				CLANG_WARN_OBJC_IMPLICIT_RETAIN_SELF = YES;
				CLANG_WARN_OBJC_LITERAL_CONVERSION = YES;
				CLANG_WARN_OBJC_ROOT_CLASS = YES_ERROR;
				CLANG_WARN_RANGE_LOOP_ANALYSIS = YES;
				CLANG_WARN_STRICT_PROTOTYPES = YES;
				CLANG_WARN_SUSPICIOUS_MOVE = YES;
				CLANG_WARN_UNGUARDED_AVAILABILITY = YES_AGGRESSIVE;
				CLANG_WARN_UNREACHABLE_CODE = YES;
				CLANG_WARN__DUPLICATE_METHOD_MATCH = YES;
				COPY_PHASE_STRIP = NO;
				DEBUG_INFORMATION_FORMAT = dwarf;
				ENABLE_STRICT_OBJC_MSGSEND = YES;
				ENABLE_TESTABILITY = YES;
				GCC_C_LANGUAGE_STANDARD = gnu11;
				GCC_DYNAMIC_NO_PIC = NO;
				GCC_NO_COMMON_BLOCKS = YES;
				GCC_OPTIMIZATION_LEVEL = 0;
				GCC_PREPROCESSOR_DEFINITIONS = (
					"DEBUG=1",
					"$(inherited)",
				);
				GCC_WARN_64_TO_32_BIT_CONVERSION = YES;
				GCC_WARN_ABOUT_RETURN_TYPE = YES_ERROR;
				GCC_WARN_UNDECLARED_SELECTOR = YES;
				GCC_WARN_UNINITIALIZED_AUTOS = YES_AGGRESSIVE;
				GCC_WARN_UNUSED_FUNCTION = YES;
				GCC_WARN_UNUSED_VARIABLE = YES;
				IPHONEOS_DEPLOYMENT_TARGET = 13.6;
				MTL_ENABLE_DEBUG_INFO = INCLUDE_SOURCE;
				MTL_FAST_MATH = YES;
				ONLY_ACTIVE_ARCH = YES;
				SDKROOT = iphoneos;
				SWIFT_ACTIVE_COMPILATION_CONDITIONS = DEBUG;
				SWIFT_OPTIMIZATION_LEVEL = "-Onone";
			};
			name = Debug;
		};
		7C3446D324F3D01000F91F39 /* Release */ = {
			isa = XCBuildConfiguration;
			buildSettings = {
				ALWAYS_SEARCH_USER_PATHS = NO;
				CLANG_ANALYZER_NONNULL = YES;
				CLANG_ANALYZER_NUMBER_OBJECT_CONVERSION = YES_AGGRESSIVE;
				CLANG_CXX_LANGUAGE_STANDARD = "gnu++14";
				CLANG_CXX_LIBRARY = "libc++";
				CLANG_ENABLE_MODULES = YES;
				CLANG_ENABLE_OBJC_ARC = YES;
				CLANG_ENABLE_OBJC_WEAK = YES;
				CLANG_WARN_BLOCK_CAPTURE_AUTORELEASING = YES;
				CLANG_WARN_BOOL_CONVERSION = YES;
				CLANG_WARN_COMMA = YES;
				CLANG_WARN_CONSTANT_CONVERSION = YES;
				CLANG_WARN_DEPRECATED_OBJC_IMPLEMENTATIONS = YES;
				CLANG_WARN_DIRECT_OBJC_ISA_USAGE = YES_ERROR;
				CLANG_WARN_DOCUMENTATION_COMMENTS = YES;
				CLANG_WARN_EMPTY_BODY = YES;
				CLANG_WARN_ENUM_CONVERSION = YES;
				CLANG_WARN_INFINITE_RECURSION = YES;
				CLANG_WARN_INT_CONVERSION = YES;
				CLANG_WARN_NON_LITERAL_NULL_CONVERSION = YES;
				CLANG_WARN_OBJC_IMPLICIT_RETAIN_SELF = YES;
				CLANG_WARN_OBJC_LITERAL_CONVERSION = YES;
				CLANG_WARN_OBJC_ROOT_CLASS = YES_ERROR;
				CLANG_WARN_RANGE_LOOP_ANALYSIS = YES;
				CLANG_WARN_STRICT_PROTOTYPES = YES;
				CLANG_WARN_SUSPICIOUS_MOVE = YES;
				CLANG_WARN_UNGUARDED_AVAILABILITY = YES_AGGRESSIVE;
				CLANG_WARN_UNREACHABLE_CODE = YES;
				CLANG_WARN__DUPLICATE_METHOD_MATCH = YES;
				COPY_PHASE_STRIP = NO;
				DEBUG_INFORMATION_FORMAT = "dwarf-with-dsym";
				ENABLE_NS_ASSERTIONS = NO;
				ENABLE_STRICT_OBJC_MSGSEND = YES;
				GCC_C_LANGUAGE_STANDARD = gnu11;
				GCC_NO_COMMON_BLOCKS = YES;
				GCC_WARN_64_TO_32_BIT_CONVERSION = YES;
				GCC_WARN_ABOUT_RETURN_TYPE = YES_ERROR;
				GCC_WARN_UNDECLARED_SELECTOR = YES;
				GCC_WARN_UNINITIALIZED_AUTOS = YES_AGGRESSIVE;
				GCC_WARN_UNUSED_FUNCTION = YES;
				GCC_WARN_UNUSED_VARIABLE = YES;
				IPHONEOS_DEPLOYMENT_TARGET = 13.6;
				MTL_ENABLE_DEBUG_INFO = NO;
				MTL_FAST_MATH = YES;
				SDKROOT = iphoneos;
				SWIFT_COMPILATION_MODE = wholemodule;
				SWIFT_OPTIMIZATION_LEVEL = "-O";
				VALIDATE_PRODUCT = YES;
			};
			name = Release;
		};
		7C3446D524F3D01000F91F39 /* Debug */ = {
			isa = XCBuildConfiguration;
			baseConfigurationReference = 6AA424B3C0F6A52E8CECDA40 /* Pods-PetLog.debug.xcconfig */;
			buildSettings = {
				ASSETCATALOG_COMPILER_APPICON_NAME = AppIcon;
				CODE_SIGN_STYLE = Automatic;
				DEVELOPMENT_TEAM = Q8MN9U88MH;
				INFOPLIST_FILE = PetLog/Info.plist;
				LD_RUNPATH_SEARCH_PATHS = (
					"$(inherited)",
					"@executable_path/Frameworks",
				);
				PRODUCT_BUNDLE_IDENTIFIER = noelia.PetLog;
				PRODUCT_NAME = "$(TARGET_NAME)";
				SWIFT_VERSION = 5.0;
				TARGETED_DEVICE_FAMILY = "1,2";
			};
			name = Debug;
		};
		7C3446D624F3D01000F91F39 /* Release */ = {
			isa = XCBuildConfiguration;
			baseConfigurationReference = 92287AAEC3AF2411F9E6CFEB /* Pods-PetLog.release.xcconfig */;
			buildSettings = {
				ASSETCATALOG_COMPILER_APPICON_NAME = AppIcon;
				CODE_SIGN_STYLE = Automatic;
				DEVELOPMENT_TEAM = Q8MN9U88MH;
				INFOPLIST_FILE = PetLog/Info.plist;
				LD_RUNPATH_SEARCH_PATHS = (
					"$(inherited)",
					"@executable_path/Frameworks",
				);
				PRODUCT_BUNDLE_IDENTIFIER = noelia.PetLog;
				PRODUCT_NAME = "$(TARGET_NAME)";
				SWIFT_VERSION = 5.0;
				TARGETED_DEVICE_FAMILY = "1,2";
			};
			name = Release;
		};
/* End XCBuildConfiguration section */

/* Begin XCConfigurationList section */
		7C3446B824F3D00F00F91F39 /* Build configuration list for PBXProject "PetLog" */ = {
			isa = XCConfigurationList;
			buildConfigurations = (
				7C3446D224F3D01000F91F39 /* Debug */,
				7C3446D324F3D01000F91F39 /* Release */,
			);
			defaultConfigurationIsVisible = 0;
			defaultConfigurationName = Release;
		};
		7C3446D424F3D01000F91F39 /* Build configuration list for PBXNativeTarget "PetLog" */ = {
			isa = XCConfigurationList;
			buildConfigurations = (
				7C3446D524F3D01000F91F39 /* Debug */,
				7C3446D624F3D01000F91F39 /* Release */,
			);
			defaultConfigurationIsVisible = 0;
			defaultConfigurationName = Release;
		};
/* End XCConfigurationList section */

/* Begin XCVersionGroup section */
		7C3446C924F3D00F00F91F39 /* PetLog.xcdatamodeld */ = {
			isa = XCVersionGroup;
			children = (
				7C3446CA24F3D00F00F91F39 /* PetLog.xcdatamodel */,
			);
			currentVersion = 7C3446CA24F3D00F00F91F39 /* PetLog.xcdatamodel */;
			path = PetLog.xcdatamodeld;
			sourceTree = "<group>";
			versionGroupType = wrapper.xcdatamodel;
		};
/* End XCVersionGroup section */
	};
	rootObject = 7C3446B524F3D00F00F91F39 /* Project object */;
}
